
Microsoft Visual Studio Solution File, Format Version 11.00
# Visual Basic Express 2010
Project("{F184B08F-C81C-45F6-A57F-5ABD9991F28F}") = "Chibi-Robo Zip Lash Save Editor", "Chibi-Robo Zip Lash Save Editor\Chibi-Robo Zip Lash Save Editor.vbproj", "{963B5A17-DAF3-4A17-A7C9-4150450A69CF}"
EndProject
Global
	GlobalSection(SolutionConfigurationPlatforms) = preSolution
		Debug|x86 = Debug|x86
		Release|x86 = Release|x86
	EndGlobalSection
	GlobalSection(ProjectConfigurationPlatforms) = postSolution
		{963B5A17-DAF3-4A17-A7C9-4150450A69CF}.Debug|x86.ActiveCfg = Debug|x86
		{963B5A17-DAF3-4A17-A7C9-4150450A69CF}.Debug|x86.Build.0 = Debug|x86
		{963B5A17-DAF3-4A17-A7C9-4150450A69CF}.Release|x86.ActiveCfg = Release|x86
		{963B5A17-DAF3-4A17-A7C9-4150450A69CF}.Release|x86.Build.0 = Release|x86
	EndGlobalSection
	GlobalSection(SolutionProperties) = preSolution
		HideSolutionNode = FALSE
	EndGlobalSection
EndGlobal
